// !$*UTF8*$!
{
	archiveVersion = 1;
	classes = {
	};
	objectVersion = 46;
	objects = {

/* Begin PBXBuildFile section */
		11E94508A2963B2E50541227 /* res in Resources */ = {isa = PBXBuildFile; fileRef = 847C4737BB87694BD4544EE6 /* res */; };
		16AC43C080CA2517592932A4 /* libc++.dylib in Frameworks */ = {isa = PBXBuildFile; fileRef = DE124DBF92193F63A655C149 /* libc++.dylib */; };
		1CDCD7991CC93D2C0037CB30 /* GameKit.framework in Frameworks */ = {isa = PBXBuildFile; fileRef = 1CDCD7981CC93D2C0037CB30 /* GameKit.framework */; };
		1CDCD79D1CC93D380037CB30 /* sdkbox.framework in Frameworks */ = {isa = PBXBuildFile; fileRef = 1CDCD79B1CC93D380037CB30 /* sdkbox.framework */; };
		1CDCD7A11CC93DD10037CB30 /* sdkbox_config.json in Resources */ = {isa = PBXBuildFile; fileRef = 1CDCD7A01CC93DD10037CB30 /* sdkbox_config.json */; };
		1D60589F0D05DD5A006BFB54 /* Foundation.framework in Frameworks */ = {isa = PBXBuildFile; fileRef = 1D30AB110D05D00D00671497 /* Foundation.framework */; };
		288765A50DF7441C002DB57D /* CoreGraphics.framework in Frameworks */ = {isa = PBXBuildFile; fileRef = 288765A40DF7441C002DB57D /* CoreGraphics.framework */; };
		2D6F436BA1302F35EDAB4135 /* CoreTelephony.framework in Frameworks */ = {isa = PBXBuildFile; fileRef = 22C4446CB0DA4F00831F593C /* CoreTelephony.framework */; };
		46880B8819C43A87006E1F66 /* AppDelegate.cpp in Sources */ = {isa = PBXBuildFile; fileRef = 46880B8419C43A87006E1F66 /* AppDelegate.cpp */; };
		481A44FB9D5290D340B28D72 /* StoreKit.framework in Frameworks */ = {isa = PBXBuildFile; fileRef = C9144BFDA5E31D0509C82381 /* StoreKit.framework */; };
		4AF24228B721699D68B0EB58 /* libcocos2d iOS.a in Frameworks */ = {isa = PBXBuildFile; fileRef = EC054D038170C9031CB136DE /* libcocos2d iOS.a */; };
		503AE10017EB989F00D1A890 /* AppController.mm in Sources */ = {isa = PBXBuildFile; fileRef = 503AE0FB17EB989F00D1A890 /* AppController.mm */; };
		503AE10117EB989F00D1A890 /* main.m in Sources */ = {isa = PBXBuildFile; fileRef = 503AE0FC17EB989F00D1A890 /* main.m */; };
		503AE10217EB989F00D1A890 /* RootViewController.mm in Sources */ = {isa = PBXBuildFile; fileRef = 503AE0FF17EB989F00D1A890 /* RootViewController.mm */; };
		5087E77D17EB970100C73F5D /* Default-568h@2x.png in Resources */ = {isa = PBXBuildFile; fileRef = 5087E77217EB970100C73F5D /* Default-568h@2x.png */; };
		5087E77E17EB970100C73F5D /* Default.png in Resources */ = {isa = PBXBuildFile; fileRef = 5087E77317EB970100C73F5D /* Default.png */; };
		5087E77F17EB970100C73F5D /* Default@2x.png in Resources */ = {isa = PBXBuildFile; fileRef = 5087E77417EB970100C73F5D /* Default@2x.png */; };
		5087E78017EB970100C73F5D /* Icon-114.png in Resources */ = {isa = PBXBuildFile; fileRef = 5087E77517EB970100C73F5D /* Icon-114.png */; };
		5087E78117EB970100C73F5D /* Icon-120.png in Resources */ = {isa = PBXBuildFile; fileRef = 5087E77617EB970100C73F5D /* Icon-120.png */; };
		5087E78217EB970100C73F5D /* Icon-144.png in Resources */ = {isa = PBXBuildFile; fileRef = 5087E77717EB970100C73F5D /* Icon-144.png */; };
		5087E78317EB970100C73F5D /* Icon-152.png in Resources */ = {isa = PBXBuildFile; fileRef = 5087E77817EB970100C73F5D /* Icon-152.png */; };
		5087E78417EB970100C73F5D /* Icon-57.png in Resources */ = {isa = PBXBuildFile; fileRef = 5087E77917EB970100C73F5D /* Icon-57.png */; };
		5087E78517EB970100C73F5D /* Icon-72.png in Resources */ = {isa = PBXBuildFile; fileRef = 5087E77A17EB970100C73F5D /* Icon-72.png */; };
		5087E78617EB970100C73F5D /* Icon-76.png in Resources */ = {isa = PBXBuildFile; fileRef = 5087E77B17EB970100C73F5D /* Icon-76.png */; };
		50EF629617ECD46A001EB2F8 /* Icon-40.png in Resources */ = {isa = PBXBuildFile; fileRef = 50EF629217ECD46A001EB2F8 /* Icon-40.png */; };
		50EF629717ECD46A001EB2F8 /* Icon-58.png in Resources */ = {isa = PBXBuildFile; fileRef = 50EF629317ECD46A001EB2F8 /* Icon-58.png */; };
		50EF629817ECD46A001EB2F8 /* Icon-80.png in Resources */ = {isa = PBXBuildFile; fileRef = 50EF629417ECD46A001EB2F8 /* Icon-80.png */; };
		50EF629917ECD46A001EB2F8 /* Icon-100.png in Resources */ = {isa = PBXBuildFile; fileRef = 50EF629517ECD46A001EB2F8 /* Icon-100.png */; };
		50EF62A217ECD613001EB2F8 /* Icon-29.png in Resources */ = {isa = PBXBuildFile; fileRef = 50EF62A017ECD613001EB2F8 /* Icon-29.png */; };
		50EF62A317ECD613001EB2F8 /* Icon-50.png in Resources */ = {isa = PBXBuildFile; fileRef = 50EF62A117ECD613001EB2F8 /* Icon-50.png */; };
		521A8E6419F0C34300D177D7 /* Default-667h@2x.png in Resources */ = {isa = PBXBuildFile; fileRef = 521A8E6219F0C34300D177D7 /* Default-667h@2x.png */; };
		521A8E6519F0C34300D177D7 /* Default-736h@3x.png in Resources */ = {isa = PBXBuildFile; fileRef = 521A8E6319F0C34300D177D7 /* Default-736h@3x.png */; };
		561D467E9E476499AB8E5745 /* EventKit.framework in Frameworks */ = {isa = PBXBuildFile; fileRef = 782149BABFD0131F0A442BCA /* EventKit.framework */; };
		597793371D90759C00CCDD33 /* BaseScene.cpp in Sources */ = {isa = PBXBuildFile; fileRef = 597793331D90759C00CCDD33 /* BaseScene.cpp */; };
		597793381D90759C00CCDD33 /* EventScene.cpp in Sources */ = {isa = PBXBuildFile; fileRef = 597793351D90759C00CCDD33 /* EventScene.cpp */; };
		597793481D9075A600CCDD33 /* json98.cpp in Sources */ = {isa = PBXBuildFile; fileRef = 597793391D9075A600CCDD33 /* json98.cpp */; };
		597793491D9075A600CCDD33 /* LeaderboardScene.cpp in Sources */ = {isa = PBXBuildFile; fileRef = 5977933B1D9075A600CCDD33 /* LeaderboardScene.cpp */; };
		5977934A1D9075A600CCDD33 /* PlayerStatScene.cpp in Sources */ = {isa = PBXBuildFile; fileRef = 5977933D1D9075A600CCDD33 /* PlayerStatScene.cpp */; };
		5977934C1D9075A600CCDD33 /* QuestScene.cpp in Sources */ = {isa = PBXBuildFile; fileRef = 597793401D9075A600CCDD33 /* QuestScene.cpp */; };
		5977934D1D9075A600CCDD33 /* SaveGameScene.cpp in Sources */ = {isa = PBXBuildFile; fileRef = 597793421D9075A600CCDD33 /* SaveGameScene.cpp */; };
		5977934E1D9075A600CCDD33 /* StateManager.cpp in Sources */ = {isa = PBXBuildFile; fileRef = 597793441D9075A600CCDD33 /* StateManager.cpp */; };
		5977934F1D9075A600CCDD33 /* Utils.cpp in Sources */ = {isa = PBXBuildFile; fileRef = 597793461D9075A600CCDD33 /* Utils.cpp */; };
		597793521D90760000CCDD33 /* AchievementScene.cpp in Sources */ = {isa = PBXBuildFile; fileRef = 597793501D90760000CCDD33 /* AchievementScene.cpp */; };
		59E78F2F1D9C540800E39380 /* NearbyConnectionsScene.cpp in Sources */ = {isa = PBXBuildFile; fileRef = 59E78F291D9C540800E39380 /* NearbyConnectionsScene.cpp */; };
		59E78F301D9C540800E39380 /* RealTimeMultiplayerScene.cpp in Sources */ = {isa = PBXBuildFile; fileRef = 59E78F2B1D9C540800E39380 /* RealTimeMultiplayerScene.cpp */; };
		59E78F311D9C540800E39380 /* TurnBasedMultiplayerScene.cpp in Sources */ = {isa = PBXBuildFile; fileRef = 59E78F2D1D9C540800E39380 /* TurnBasedMultiplayerScene.cpp */; };
		62F14B8C999BCF36037FACE6 /* GameController.framework in Frameworks */ = {isa = PBXBuildFile; fileRef = 1122400199CC18360FC80E32 /* GameController.framework */; };
		759F46CD98D89D436E005AB0 /* EventKitUI.framework in Frameworks */ = {isa = PBXBuildFile; fileRef = 49D94E7AA8DEB99F9111726A /* EventKitUI.framework */; };
		80E24F7B91524232D61BA223 /* MediaPlayer.framework in Frameworks */ = {isa = PBXBuildFile; fileRef = CC394683B8779E6D912A331F /* MediaPlayer.framework */; };
		96C542B81D6481F5009E476A /* GoogleAppUtilities.framework in Frameworks */ = {isa = PBXBuildFile; fileRef = 96C542A91D6481F4009E476A /* GoogleAppUtilities.framework */; };
		96C542B91D6481F5009E476A /* GoogleAuthUtilities.framework in Frameworks */ = {isa = PBXBuildFile; fileRef = 96C542AA1D6481F4009E476A /* GoogleAuthUtilities.framework */; };
		96C542BA1D6481F5009E476A /* GoogleNetworkingUtilities.framework in Frameworks */ = {isa = PBXBuildFile; fileRef = 96C542AB1D6481F4009E476A /* GoogleNetworkingUtilities.framework */; };
		96C542BB1D6481F5009E476A /* GoogleOpenSource.framework in Frameworks */ = {isa = PBXBuildFile; fileRef = 96C542AC1D6481F4009E476A /* GoogleOpenSource.framework */; };
		96C542BC1D6481F5009E476A /* GooglePlus.bundle in Resources */ = {isa = PBXBuildFile; fileRef = 96C542AD1D6481F4009E476A /* GooglePlus.bundle */; };
		96C542BD1D6481F5009E476A /* GooglePlus.framework in Frameworks */ = {isa = PBXBuildFile; fileRef = 96C542AE1D6481F4009E476A /* GooglePlus.framework */; };
		96C542BE1D6481F5009E476A /* GoogleService-Info.plist in Resources */ = {isa = PBXBuildFile; fileRef = 96C542AF1D6481F4009E476A /* GoogleService-Info.plist */; };
		96C542BF1D6481F5009E476A /* GoogleSignIn.bundle in Resources */ = {isa = PBXBuildFile; fileRef = 96C542B01D6481F4009E476A /* GoogleSignIn.bundle */; };
		96C542C01D6481F5009E476A /* GoogleSignIn.framework in Frameworks */ = {isa = PBXBuildFile; fileRef = 96C542B11D6481F5009E476A /* GoogleSignIn.framework */; };
		96C542C11D6481F5009E476A /* GoogleSymbolUtilities.framework in Frameworks */ = {isa = PBXBuildFile; fileRef = 96C542B21D6481F5009E476A /* GoogleSymbolUtilities.framework */; };
		96C542C21D6481F5009E476A /* GoogleUtilities.framework in Frameworks */ = {isa = PBXBuildFile; fileRef = 96C542B31D6481F5009E476A /* GoogleUtilities.framework */; };
		96C542C41D6481F5009E476A /* gpg.framework in Frameworks */ = {isa = PBXBuildFile; fileRef = 96C542B51D6481F5009E476A /* gpg.framework */; };
		96C542C61D6481F5009E476A /* sdkbox.framework in Frameworks */ = {isa = PBXBuildFile; fileRef = 96C542B71D6481F5009E476A /* sdkbox.framework */; };
		96C542C81D6482C0009E476A /* AddressBook.framework in Frameworks */ = {isa = PBXBuildFile; fileRef = 96C542C71D6482BF009E476A /* AddressBook.framework */; };
		96C542CA1D6482CE009E476A /* AssetsLibrary.framework in Frameworks */ = {isa = PBXBuildFile; fileRef = 96C542C91D6482CE009E476A /* AssetsLibrary.framework */; };
		96C542CC1D6482DE009E476A /* CoreData.framework in Frameworks */ = {isa = PBXBuildFile; fileRef = 96C542CB1D6482DE009E476A /* CoreData.framework */; };
		96C542CE1D6482E4009E476A /* CoreLocation.framework in Frameworks */ = {isa = PBXBuildFile; fileRef = 96C542CD1D6482E4009E476A /* CoreLocation.framework */; };
		96C542D01D6482F5009E476A /* CoreText.framework in Frameworks */ = {isa = PBXBuildFile; fileRef = 96C542CF1D6482F5009E476A /* CoreText.framework */; };
		96C542D21D648319009E476A /* SafariServices.framework in Frameworks */ = {isa = PBXBuildFile; fileRef = 96C542D11D648319009E476A /* SafariServices.framework */; };
		96C542D41D648333009E476A /* SystemConfiguration.framework in Frameworks */ = {isa = PBXBuildFile; fileRef = 96C542D31D648333009E476A /* SystemConfiguration.framework */; };
		96C542D61D648338009E476A /* UIKit.framework in Frameworks */ = {isa = PBXBuildFile; fileRef = 96C542D51D648338009E476A /* UIKit.framework */; };
		96C542DA1D64843E009E476A /* libsqlite3.0.tbd in Frameworks */ = {isa = PBXBuildFile; fileRef = 96C542D91D64843E009E476A /* libsqlite3.0.tbd */; };
		96C542DC1D64847D009E476A /* Security.framework in Frameworks */ = {isa = PBXBuildFile; fileRef = 96C542DB1D64847D009E476A /* Security.framework */; };
		96C542E71D64BFA2009E476A /* gpg.framework in Frameworks */ = {isa = PBXBuildFile; fileRef = 96C542E61D64BFA2009E476A /* gpg.framework */; };
		96C542EB1D64C01A009E476A /* gpg.bundle in Resources */ = {isa = PBXBuildFile; fileRef = 96C542EA1D64C01A009E476A /* gpg.bundle */; };
		AA9C410483CFB8EE306FCEBA /* CoreMedia.framework in Frameworks */ = {isa = PBXBuildFile; fileRef = EB0549D4984AE4807A61D96C /* CoreMedia.framework */; };
		BF171245129291EC00B8313A /* OpenGLES.framework in Frameworks */ = {isa = PBXBuildFile; fileRef = BF170DB012928DE900B8313A /* OpenGLES.framework */; };
		BF1712471292920000B8313A /* libz.dylib in Frameworks */ = {isa = PBXBuildFile; fileRef = BF170DB412928DE900B8313A /* libz.dylib */; };
		BF1C47F01293687400B63C5D /* QuartzCore.framework in Frameworks */ = {isa = PBXBuildFile; fileRef = BF1C47EA1293683800B63C5D /* QuartzCore.framework */; };
		D44C620C132DFF330009C878 /* OpenAL.framework in Frameworks */ = {isa = PBXBuildFile; fileRef = D44C620B132DFF330009C878 /* OpenAL.framework */; };
		D44C620E132DFF430009C878 /* AVFoundation.framework in Frameworks */ = {isa = PBXBuildFile; fileRef = D44C620D132DFF430009C878 /* AVFoundation.framework */; };
		D44C6210132DFF4E0009C878 /* AudioToolbox.framework in Frameworks */ = {isa = PBXBuildFile; fileRef = D44C620F132DFF4E0009C878 /* AudioToolbox.framework */; };
		D541463FA8BD4DCEE026A980 /* Plugingpg.framework in Frameworks */ = {isa = PBXBuildFile; fileRef = C47543579DBC933D707A7E41 /* Plugingpg.framework */; };
		D6B0611B1803AB670077942B /* CoreMotion.framework in Frameworks */ = {isa = PBXBuildFile; fileRef = D6B0611A1803AB670077942B /* CoreMotion.framework */; };
		D6E24F89B6A66A39FBE87185 /* MessageUI.framework in Frameworks */ = {isa = PBXBuildFile; fileRef = 74B64601A42103298D3FFB62 /* MessageUI.framework */; };
		ED545A7C1B68A1F400C3958E /* libiconv.dylib in Frameworks */ = {isa = PBXBuildFile; fileRef = ED545A7B1B68A1F400C3958E /* libiconv.dylib */; };
		F45641A0B90F1C58FE93A5AF /* PluginGPGCppHelper.cpp in Sources */ = {isa = PBXBuildFile; fileRef = D1184FAE85D92DF0417D12CC /* PluginGPGCppHelper.cpp */; };
/* End PBXBuildFile section */

/* Begin PBXFileReference section */
		1122400199CC18360FC80E32 /* GameController.framework */ = {isa = PBXFileReference; lastKnownFileType = wrapper.framework; name = GameController.framework; path = Platforms/iPhoneOS.platform/Developer/SDKs/iPhoneOS.sdk/System/Library/Frameworks/GameController.framework; sourceTree = DEVELOPER_DIR; };
		1ACB3243164770DE00914215 /* libcurl.a */ = {isa = PBXFileReference; lastKnownFileType = archive.ar; name = libcurl.a; path = ../../cocos2dx/platform/third_party/ios/libraries/libcurl.a; sourceTree = "<group>"; };
		1CDCD7981CC93D2C0037CB30 /* GameKit.framework */ = {isa = PBXFileReference; lastKnownFileType = wrapper.framework; name = GameKit.framework; path = Platforms/iPhoneOS.platform/Developer/SDKs/iPhoneOS9.2.sdk/System/Library/Frameworks/GameKit.framework; sourceTree = DEVELOPER_DIR; };
		1CDCD79B1CC93D380037CB30 /* sdkbox.framework */ = {isa = PBXFileReference; lastKnownFileType = wrapper.framework; path = sdkbox.framework; sourceTree = "<group>"; };
		1CDCD7A01CC93DD10037CB30 /* sdkbox_config.json */ = {isa = PBXFileReference; fileEncoding = 4; lastKnownFileType = text.json; path = sdkbox_config.json; sourceTree = "<group>"; };
		1D30AB110D05D00D00671497 /* Foundation.framework */ = {isa = PBXFileReference; lastKnownFileType = wrapper.framework; name = Foundation.framework; path = System/Library/Frameworks/Foundation.framework; sourceTree = SDKROOT; };
		1D6058910D05DD3D006BFB54 /* gpg_cpp-mobile.app */ = {isa = PBXFileReference; explicitFileType = wrapper.application; includeInIndex = 0; path = "gpg_cpp-mobile.app"; sourceTree = BUILT_PRODUCTS_DIR; };
		22C4446CB0DA4F00831F593C /* CoreTelephony.framework */ = {isa = PBXFileReference; lastKnownFileType = wrapper.framework; name = CoreTelephony.framework; path = Platforms/iPhoneOS.platform/Developer/SDKs/iPhoneOS.sdk/System/Library/Frameworks/CoreTelephony.framework; sourceTree = DEVELOPER_DIR; };
		288765A40DF7441C002DB57D /* CoreGraphics.framework */ = {isa = PBXFileReference; lastKnownFileType = wrapper.framework; name = CoreGraphics.framework; path = System/Library/Frameworks/CoreGraphics.framework; sourceTree = SDKROOT; };
		46880B8419C43A87006E1F66 /* AppDelegate.cpp */ = {isa = PBXFileReference; fileEncoding = 4; lastKnownFileType = sourcecode.cpp.cpp; path = AppDelegate.cpp; sourceTree = "<group>"; };
		46880B8519C43A87006E1F66 /* AppDelegate.h */ = {isa = PBXFileReference; fileEncoding = 4; lastKnownFileType = sourcecode.c.h; path = AppDelegate.h; sourceTree = "<group>"; };
		49D94E7AA8DEB99F9111726A /* EventKitUI.framework */ = {isa = PBXFileReference; lastKnownFileType = wrapper.framework; name = EventKitUI.framework; path = Platforms/iPhoneOS.platform/Developer/SDKs/iPhoneOS.sdk/System/Library/Frameworks/EventKitUI.framework; sourceTree = DEVELOPER_DIR; };
		503AE0FA17EB989F00D1A890 /* AppController.h */ = {isa = PBXFileReference; fileEncoding = 4; lastKnownFileType = sourcecode.c.h; name = AppController.h; path = ios/AppController.h; sourceTree = SOURCE_ROOT; };
		503AE0FB17EB989F00D1A890 /* AppController.mm */ = {isa = PBXFileReference; fileEncoding = 4; lastKnownFileType = sourcecode.cpp.objcpp; name = AppController.mm; path = ios/AppController.mm; sourceTree = SOURCE_ROOT; };
		503AE0FC17EB989F00D1A890 /* main.m */ = {isa = PBXFileReference; fileEncoding = 4; lastKnownFileType = sourcecode.c.objc; name = main.m; path = ios/main.m; sourceTree = SOURCE_ROOT; };
		503AE0FD17EB989F00D1A890 /* Prefix.pch */ = {isa = PBXFileReference; fileEncoding = 4; lastKnownFileType = sourcecode.c.h; name = Prefix.pch; path = ios/Prefix.pch; sourceTree = SOURCE_ROOT; };
		503AE0FE17EB989F00D1A890 /* RootViewController.h */ = {isa = PBXFileReference; fileEncoding = 4; lastKnownFileType = sourcecode.c.h; name = RootViewController.h; path = ios/RootViewController.h; sourceTree = SOURCE_ROOT; };
		503AE0FF17EB989F00D1A890 /* RootViewController.mm */ = {isa = PBXFileReference; fileEncoding = 4; lastKnownFileType = sourcecode.cpp.objcpp; name = RootViewController.mm; path = ios/RootViewController.mm; sourceTree = SOURCE_ROOT; };
		503AE11117EB99EE00D1A890 /* libcurl.dylib */ = {isa = PBXFileReference; lastKnownFileType = "compiled.mach-o.dylib"; name = libcurl.dylib; path = usr/lib/libcurl.dylib; sourceTree = SDKROOT; };
		503AE11A17EB9C5A00D1A890 /* IOKit.framework */ = {isa = PBXFileReference; lastKnownFileType = wrapper.framework; name = IOKit.framework; path = System/Library/Frameworks/IOKit.framework; sourceTree = SDKROOT; };
		5087E77217EB970100C73F5D /* Default-568h@2x.png */ = {isa = PBXFileReference; lastKnownFileType = image.png; path = "Default-568h@2x.png"; sourceTree = "<group>"; };
		5087E77317EB970100C73F5D /* Default.png */ = {isa = PBXFileReference; lastKnownFileType = image.png; path = Default.png; sourceTree = "<group>"; };
		5087E77417EB970100C73F5D /* Default@2x.png */ = {isa = PBXFileReference; lastKnownFileType = image.png; path = "Default@2x.png"; sourceTree = "<group>"; };
		5087E77517EB970100C73F5D /* Icon-114.png */ = {isa = PBXFileReference; lastKnownFileType = image.png; path = "Icon-114.png"; sourceTree = "<group>"; };
		5087E77617EB970100C73F5D /* Icon-120.png */ = {isa = PBXFileReference; lastKnownFileType = image.png; path = "Icon-120.png"; sourceTree = "<group>"; };
		5087E77717EB970100C73F5D /* Icon-144.png */ = {isa = PBXFileReference; lastKnownFileType = image.png; path = "Icon-144.png"; sourceTree = "<group>"; };
		5087E77817EB970100C73F5D /* Icon-152.png */ = {isa = PBXFileReference; lastKnownFileType = image.png; path = "Icon-152.png"; sourceTree = "<group>"; };
		5087E77917EB970100C73F5D /* Icon-57.png */ = {isa = PBXFileReference; lastKnownFileType = image.png; path = "Icon-57.png"; sourceTree = "<group>"; };
		5087E77A17EB970100C73F5D /* Icon-72.png */ = {isa = PBXFileReference; lastKnownFileType = image.png; path = "Icon-72.png"; sourceTree = "<group>"; };
		5087E77B17EB970100C73F5D /* Icon-76.png */ = {isa = PBXFileReference; lastKnownFileType = image.png; path = "Icon-76.png"; sourceTree = "<group>"; };
		5087E77C17EB970100C73F5D /* Info.plist */ = {isa = PBXFileReference; fileEncoding = 4; lastKnownFileType = text.plist.xml; path = Info.plist; sourceTree = "<group>"; };
		5087E78817EB974C00C73F5D /* AppKit.framework */ = {isa = PBXFileReference; lastKnownFileType = wrapper.framework; name = AppKit.framework; path = System/Library/Frameworks/AppKit.framework; sourceTree = SDKROOT; };
		5087E78A17EB975400C73F5D /* OpenGL.framework */ = {isa = PBXFileReference; lastKnownFileType = wrapper.framework; name = OpenGL.framework; path = System/Library/Frameworks/OpenGL.framework; sourceTree = SDKROOT; };
		50EF629217ECD46A001EB2F8 /* Icon-40.png */ = {isa = PBXFileReference; lastKnownFileType = image.png; path = "Icon-40.png"; sourceTree = "<group>"; };
		50EF629317ECD46A001EB2F8 /* Icon-58.png */ = {isa = PBXFileReference; lastKnownFileType = image.png; path = "Icon-58.png"; sourceTree = "<group>"; };
		50EF629417ECD46A001EB2F8 /* Icon-80.png */ = {isa = PBXFileReference; lastKnownFileType = image.png; path = "Icon-80.png"; sourceTree = "<group>"; };
		50EF629517ECD46A001EB2F8 /* Icon-100.png */ = {isa = PBXFileReference; lastKnownFileType = image.png; path = "Icon-100.png"; sourceTree = "<group>"; };
		50EF62A017ECD613001EB2F8 /* Icon-29.png */ = {isa = PBXFileReference; lastKnownFileType = image.png; path = "Icon-29.png"; sourceTree = "<group>"; };
		50EF62A117ECD613001EB2F8 /* Icon-50.png */ = {isa = PBXFileReference; lastKnownFileType = image.png; path = "Icon-50.png"; sourceTree = "<group>"; };
		521A8E6219F0C34300D177D7 /* Default-667h@2x.png */ = {isa = PBXFileReference; lastKnownFileType = image.png; path = "Default-667h@2x.png"; sourceTree = "<group>"; };
		521A8E6319F0C34300D177D7 /* Default-736h@3x.png */ = {isa = PBXFileReference; lastKnownFileType = image.png; path = "Default-736h@3x.png"; sourceTree = "<group>"; };
		597793331D90759C00CCDD33 /* BaseScene.cpp */ = {isa = PBXFileReference; fileEncoding = 4; lastKnownFileType = sourcecode.cpp.cpp; path = BaseScene.cpp; sourceTree = "<group>"; };
		597793341D90759C00CCDD33 /* BaseScene.h */ = {isa = PBXFileReference; fileEncoding = 4; lastKnownFileType = sourcecode.c.h; path = BaseScene.h; sourceTree = "<group>"; };
		597793351D90759C00CCDD33 /* EventScene.cpp */ = {isa = PBXFileReference; fileEncoding = 4; lastKnownFileType = sourcecode.cpp.cpp; path = EventScene.cpp; sourceTree = "<group>"; };
		597793361D90759C00CCDD33 /* EventScene.h */ = {isa = PBXFileReference; fileEncoding = 4; lastKnownFileType = sourcecode.c.h; path = EventScene.h; sourceTree = "<group>"; };
		597793391D9075A600CCDD33 /* json98.cpp */ = {isa = PBXFileReference; fileEncoding = 4; lastKnownFileType = sourcecode.cpp.cpp; path = json98.cpp; sourceTree = "<group>"; };
		5977933A1D9075A600CCDD33 /* json98.h */ = {isa = PBXFileReference; fileEncoding = 4; lastKnownFileType = sourcecode.c.h; path = json98.h; sourceTree = "<group>"; };
		5977933B1D9075A600CCDD33 /* LeaderboardScene.cpp */ = {isa = PBXFileReference; fileEncoding = 4; lastKnownFileType = sourcecode.cpp.cpp; path = LeaderboardScene.cpp; sourceTree = "<group>"; };
		5977933C1D9075A600CCDD33 /* LeaderboardScene.h */ = {isa = PBXFileReference; fileEncoding = 4; lastKnownFileType = sourcecode.c.h; path = LeaderboardScene.h; sourceTree = "<group>"; };
		5977933D1D9075A600CCDD33 /* PlayerStatScene.cpp */ = {isa = PBXFileReference; fileEncoding = 4; lastKnownFileType = sourcecode.cpp.cpp; path = PlayerStatScene.cpp; sourceTree = "<group>"; };
		5977933E1D9075A600CCDD33 /* PlayerStatScene.h */ = {isa = PBXFileReference; fileEncoding = 4; lastKnownFileType = sourcecode.c.h; path = PlayerStatScene.h; sourceTree = "<group>"; };
		597793401D9075A600CCDD33 /* QuestScene.cpp */ = {isa = PBXFileReference; fileEncoding = 4; lastKnownFileType = sourcecode.cpp.cpp; path = QuestScene.cpp; sourceTree = "<group>"; };
		597793411D9075A600CCDD33 /* QuestScene.h */ = {isa = PBXFileReference; fileEncoding = 4; lastKnownFileType = sourcecode.c.h; path = QuestScene.h; sourceTree = "<group>"; };
		597793421D9075A600CCDD33 /* SaveGameScene.cpp */ = {isa = PBXFileReference; fileEncoding = 4; lastKnownFileType = sourcecode.cpp.cpp; path = SaveGameScene.cpp; sourceTree = "<group>"; };
		597793431D9075A600CCDD33 /* SaveGameScene.h */ = {isa = PBXFileReference; fileEncoding = 4; lastKnownFileType = sourcecode.c.h; path = SaveGameScene.h; sourceTree = "<group>"; };
		597793441D9075A600CCDD33 /* StateManager.cpp */ = {isa = PBXFileReference; fileEncoding = 4; lastKnownFileType = sourcecode.cpp.cpp; path = StateManager.cpp; sourceTree = "<group>"; };
		597793451D9075A600CCDD33 /* StateManager.h */ = {isa = PBXFileReference; fileEncoding = 4; lastKnownFileType = sourcecode.c.h; path = StateManager.h; sourceTree = "<group>"; };
		597793461D9075A600CCDD33 /* Utils.cpp */ = {isa = PBXFileReference; fileEncoding = 4; lastKnownFileType = sourcecode.cpp.cpp; path = Utils.cpp; sourceTree = "<group>"; };
		597793471D9075A600CCDD33 /* Utils.h */ = {isa = PBXFileReference; fileEncoding = 4; lastKnownFileType = sourcecode.c.h; path = Utils.h; sourceTree = "<group>"; };
		597793501D90760000CCDD33 /* AchievementScene.cpp */ = {isa = PBXFileReference; fileEncoding = 4; lastKnownFileType = sourcecode.cpp.cpp; path = AchievementScene.cpp; sourceTree = "<group>"; };
		597793511D90760000CCDD33 /* AchievementScene.h */ = {isa = PBXFileReference; fileEncoding = 4; lastKnownFileType = sourcecode.c.h; path = AchievementScene.h; sourceTree = "<group>"; };
		59E78F291D9C540800E39380 /* NearbyConnectionsScene.cpp */ = {isa = PBXFileReference; fileEncoding = 4; lastKnownFileType = sourcecode.cpp.cpp; path = NearbyConnectionsScene.cpp; sourceTree = "<group>"; };
		59E78F2A1D9C540800E39380 /* NearbyConnectionsScene.hpp */ = {isa = PBXFileReference; fileEncoding = 4; lastKnownFileType = sourcecode.cpp.h; path = NearbyConnectionsScene.hpp; sourceTree = "<group>"; };
		59E78F2B1D9C540800E39380 /* RealTimeMultiplayerScene.cpp */ = {isa = PBXFileReference; fileEncoding = 4; lastKnownFileType = sourcecode.cpp.cpp; path = RealTimeMultiplayerScene.cpp; sourceTree = "<group>"; };
		59E78F2C1D9C540800E39380 /* RealTimeMultiplayerScene.hpp */ = {isa = PBXFileReference; fileEncoding = 4; lastKnownFileType = sourcecode.cpp.h; path = RealTimeMultiplayerScene.hpp; sourceTree = "<group>"; };
		59E78F2D1D9C540800E39380 /* TurnBasedMultiplayerScene.cpp */ = {isa = PBXFileReference; fileEncoding = 4; lastKnownFileType = sourcecode.cpp.cpp; path = TurnBasedMultiplayerScene.cpp; sourceTree = "<group>"; };
		59E78F2E1D9C540800E39380 /* TurnBasedMultiplayerScene.hpp */ = {isa = PBXFileReference; fileEncoding = 4; lastKnownFileType = sourcecode.cpp.h; path = TurnBasedMultiplayerScene.hpp; sourceTree = "<group>"; };
		74B64601A42103298D3FFB62 /* MessageUI.framework */ = {isa = PBXFileReference; lastKnownFileType = wrapper.framework; name = MessageUI.framework; path = Platforms/iPhoneOS.platform/Developer/SDKs/iPhoneOS.sdk/System/Library/Frameworks/MessageUI.framework; sourceTree = DEVELOPER_DIR; };
		782149BABFD0131F0A442BCA /* EventKit.framework */ = {isa = PBXFileReference; lastKnownFileType = wrapper.framework; name = EventKit.framework; path = Platforms/iPhoneOS.platform/Developer/SDKs/iPhoneOS.sdk/System/Library/Frameworks/EventKit.framework; sourceTree = DEVELOPER_DIR; };
		8262943D1AAF051F00CB7CF7 /* Security.framework */ = {isa = PBXFileReference; lastKnownFileType = wrapper.framework; name = Security.framework; path = System/Library/Frameworks/Security.framework; sourceTree = SDKROOT; };
		847C4737BB87694BD4544EE6 /* res */ = {isa = PBXFileReference; lastKnownFileType = "?"; name = res; path = ../Resources/res; sourceTree = "<group>"; };
		96C542A91D6481F4009E476A /* GoogleAppUtilities.framework */ = {isa = PBXFileReference; lastKnownFileType = wrapper.framework; path = GoogleAppUtilities.framework; sourceTree = "<group>"; };
		96C542AA1D6481F4009E476A /* GoogleAuthUtilities.framework */ = {isa = PBXFileReference; lastKnownFileType = wrapper.framework; path = GoogleAuthUtilities.framework; sourceTree = "<group>"; };
		96C542AB1D6481F4009E476A /* GoogleNetworkingUtilities.framework */ = {isa = PBXFileReference; lastKnownFileType = wrapper.framework; path = GoogleNetworkingUtilities.framework; sourceTree = "<group>"; };
		96C542AC1D6481F4009E476A /* GoogleOpenSource.framework */ = {isa = PBXFileReference; lastKnownFileType = wrapper.framework; path = GoogleOpenSource.framework; sourceTree = "<group>"; };
		96C542AD1D6481F4009E476A /* GooglePlus.bundle */ = {isa = PBXFileReference; lastKnownFileType = "wrapper.plug-in"; path = GooglePlus.bundle; sourceTree = "<group>"; };
		96C542AE1D6481F4009E476A /* GooglePlus.framework */ = {isa = PBXFileReference; lastKnownFileType = wrapper.framework; path = GooglePlus.framework; sourceTree = "<group>"; };
		96C542AF1D6481F4009E476A /* GoogleService-Info.plist */ = {isa = PBXFileReference; fileEncoding = 4; lastKnownFileType = text.plist.xml; path = "GoogleService-Info.plist"; sourceTree = "<group>"; };
		96C542B01D6481F4009E476A /* GoogleSignIn.bundle */ = {isa = PBXFileReference; lastKnownFileType = "wrapper.plug-in"; path = GoogleSignIn.bundle; sourceTree = "<group>"; };
		96C542B11D6481F5009E476A /* GoogleSignIn.framework */ = {isa = PBXFileReference; lastKnownFileType = wrapper.framework; path = GoogleSignIn.framework; sourceTree = "<group>"; };
		96C542B21D6481F5009E476A /* GoogleSymbolUtilities.framework */ = {isa = PBXFileReference; lastKnownFileType = wrapper.framework; path = GoogleSymbolUtilities.framework; sourceTree = "<group>"; };
		96C542B31D6481F5009E476A /* GoogleUtilities.framework */ = {isa = PBXFileReference; lastKnownFileType = wrapper.framework; path = GoogleUtilities.framework; sourceTree = "<group>"; };
		96C542B51D6481F5009E476A /* gpg.framework */ = {isa = PBXFileReference; lastKnownFileType = wrapper.framework; path = gpg.framework; sourceTree = "<group>"; };
		96C542B71D6481F5009E476A /* sdkbox.framework */ = {isa = PBXFileReference; lastKnownFileType = wrapper.framework; path = sdkbox.framework; sourceTree = "<group>"; };
		96C542C71D6482BF009E476A /* AddressBook.framework */ = {isa = PBXFileReference; lastKnownFileType = wrapper.framework; name = AddressBook.framework; path = Platforms/iPhoneOS.platform/Developer/SDKs/iPhoneOS9.3.sdk/System/Library/Frameworks/AddressBook.framework; sourceTree = DEVELOPER_DIR; };
		96C542C91D6482CE009E476A /* AssetsLibrary.framework */ = {isa = PBXFileReference; lastKnownFileType = wrapper.framework; name = AssetsLibrary.framework; path = Platforms/iPhoneOS.platform/Developer/SDKs/iPhoneOS9.3.sdk/System/Library/Frameworks/AssetsLibrary.framework; sourceTree = DEVELOPER_DIR; };
		96C542CB1D6482DE009E476A /* CoreData.framework */ = {isa = PBXFileReference; lastKnownFileType = wrapper.framework; name = CoreData.framework; path = Platforms/iPhoneOS.platform/Developer/SDKs/iPhoneOS9.3.sdk/System/Library/Frameworks/CoreData.framework; sourceTree = DEVELOPER_DIR; };
		96C542CD1D6482E4009E476A /* CoreLocation.framework */ = {isa = PBXFileReference; lastKnownFileType = wrapper.framework; name = CoreLocation.framework; path = Platforms/iPhoneOS.platform/Developer/SDKs/iPhoneOS9.3.sdk/System/Library/Frameworks/CoreLocation.framework; sourceTree = DEVELOPER_DIR; };
		96C542CF1D6482F5009E476A /* CoreText.framework */ = {isa = PBXFileReference; lastKnownFileType = wrapper.framework; name = CoreText.framework; path = Platforms/iPhoneOS.platform/Developer/SDKs/iPhoneOS9.3.sdk/System/Library/Frameworks/CoreText.framework; sourceTree = DEVELOPER_DIR; };
		96C542D11D648319009E476A /* SafariServices.framework */ = {isa = PBXFileReference; lastKnownFileType = wrapper.framework; name = SafariServices.framework; path = Platforms/iPhoneOS.platform/Developer/SDKs/iPhoneOS9.3.sdk/System/Library/Frameworks/SafariServices.framework; sourceTree = DEVELOPER_DIR; };
		96C542D31D648333009E476A /* SystemConfiguration.framework */ = {isa = PBXFileReference; lastKnownFileType = wrapper.framework; name = SystemConfiguration.framework; path = Platforms/iPhoneOS.platform/Developer/SDKs/iPhoneOS9.3.sdk/System/Library/Frameworks/SystemConfiguration.framework; sourceTree = DEVELOPER_DIR; };
		96C542D51D648338009E476A /* UIKit.framework */ = {isa = PBXFileReference; lastKnownFileType = wrapper.framework; name = UIKit.framework; path = Platforms/iPhoneOS.platform/Developer/SDKs/iPhoneOS9.3.sdk/System/Library/Frameworks/UIKit.framework; sourceTree = DEVELOPER_DIR; };
		96C542D91D64843E009E476A /* libsqlite3.0.tbd */ = {isa = PBXFileReference; lastKnownFileType = "sourcecode.text-based-dylib-definition"; name = libsqlite3.0.tbd; path = Platforms/iPhoneOS.platform/Developer/SDKs/iPhoneOS9.3.sdk/usr/lib/libsqlite3.0.tbd; sourceTree = DEVELOPER_DIR; };
		96C542DB1D64847D009E476A /* Security.framework */ = {isa = PBXFileReference; lastKnownFileType = wrapper.framework; name = Security.framework; path = Platforms/iPhoneOS.platform/Developer/SDKs/iPhoneOS9.3.sdk/System/Library/Frameworks/Security.framework; sourceTree = DEVELOPER_DIR; };
		96C542E61D64BFA2009E476A /* gpg.framework */ = {isa = PBXFileReference; lastKnownFileType = wrapper.framework; path = gpg.framework; sourceTree = "<group>"; };
		96C542EA1D64C01A009E476A /* gpg.bundle */ = {isa = PBXFileReference; lastKnownFileType = "wrapper.plug-in"; path = gpg.bundle; sourceTree = "<group>"; };
		BF170DB012928DE900B8313A /* OpenGLES.framework */ = {isa = PBXFileReference; lastKnownFileType = wrapper.framework; name = OpenGLES.framework; path = System/Library/Frameworks/OpenGLES.framework; sourceTree = SDKROOT; };
		BF170DB412928DE900B8313A /* libz.dylib */ = {isa = PBXFileReference; lastKnownFileType = "compiled.mach-o.dylib"; name = libz.dylib; path = usr/lib/libz.dylib; sourceTree = SDKROOT; };
		BF1C47EA1293683800B63C5D /* QuartzCore.framework */ = {isa = PBXFileReference; lastKnownFileType = wrapper.framework; name = QuartzCore.framework; path = System/Library/Frameworks/QuartzCore.framework; sourceTree = SDKROOT; };
		C47543579DBC933D707A7E41 /* Plugingpg.framework */ = {isa = PBXFileReference; lastKnownFileType = wrapper.framework; path = Plugingpg.framework; sourceTree = SOURCE_ROOT; };
		C9144BFDA5E31D0509C82381 /* StoreKit.framework */ = {isa = PBXFileReference; lastKnownFileType = wrapper.framework; name = StoreKit.framework; path = Platforms/iPhoneOS.platform/Developer/SDKs/iPhoneOS.sdk/System/Library/Frameworks/StoreKit.framework; sourceTree = DEVELOPER_DIR; };
		CC394683B8779E6D912A331F /* MediaPlayer.framework */ = {isa = PBXFileReference; lastKnownFileType = wrapper.framework; name = MediaPlayer.framework; path = Platforms/iPhoneOS.platform/Developer/SDKs/iPhoneOS.sdk/System/Library/Frameworks/MediaPlayer.framework; sourceTree = DEVELOPER_DIR; };
		D1184FAE85D92DF0417D12CC /* PluginGPGCppHelper.cpp */ = {isa = PBXFileReference; lastKnownFileType = sourcecode.cpp.cpp; name = PluginGPGCppHelper.cpp; path = ../Classes/PluginGPGCppHelper.cpp; sourceTree = SOURCE_ROOT; };
		D44C620B132DFF330009C878 /* OpenAL.framework */ = {isa = PBXFileReference; lastKnownFileType = wrapper.framework; name = OpenAL.framework; path = System/Library/Frameworks/OpenAL.framework; sourceTree = SDKROOT; };
		D44C620D132DFF430009C878 /* AVFoundation.framework */ = {isa = PBXFileReference; lastKnownFileType = wrapper.framework; name = AVFoundation.framework; path = System/Library/Frameworks/AVFoundation.framework; sourceTree = SDKROOT; };
		D44C620F132DFF4E0009C878 /* AudioToolbox.framework */ = {isa = PBXFileReference; lastKnownFileType = wrapper.framework; name = AudioToolbox.framework; path = System/Library/Frameworks/AudioToolbox.framework; sourceTree = SDKROOT; };
		D6B0611A1803AB670077942B /* CoreMotion.framework */ = {isa = PBXFileReference; lastKnownFileType = wrapper.framework; name = CoreMotion.framework; path = Platforms/iPhoneOS.platform/Developer/SDKs/iPhoneOS7.0.sdk/System/Library/Frameworks/CoreMotion.framework; sourceTree = DEVELOPER_DIR; };
		DE124DBF92193F63A655C149 /* libc++.dylib */ = {isa = PBXFileReference; lastKnownFileType = "compiled.mach-o.dylib"; name = "libc++.dylib"; path = "Platforms/iPhoneOS.platform/Developer/SDKs/iPhoneOS.sdk/usr/lib/libc++.dylib"; sourceTree = DEVELOPER_DIR; };
		EB0549D4984AE4807A61D96C /* CoreMedia.framework */ = {isa = PBXFileReference; lastKnownFileType = wrapper.framework; name = CoreMedia.framework; path = Platforms/iPhoneOS.platform/Developer/SDKs/iPhoneOS.sdk/System/Library/Frameworks/CoreMedia.framework; sourceTree = DEVELOPER_DIR; };
		EC054D038170C9031CB136DE /* libcocos2d iOS.a */ = {isa = PBXFileReference; lastKnownFileType = archive.ar; name = "libcocos2d iOS.a"; path = "$(SRCROOT)/../../../sdkbox-cocos2d-x-binary/prebuilt/ios/libcocos2d iOS.a"; sourceTree = "<absolute>"; };
		ED545A7B1B68A1F400C3958E /* libiconv.dylib */ = {isa = PBXFileReference; lastKnownFileType = "compiled.mach-o.dylib"; name = libiconv.dylib; path = Platforms/iPhoneOS.platform/Developer/SDKs/iPhoneOS8.4.sdk/usr/lib/libiconv.dylib; sourceTree = DEVELOPER_DIR; };
		ED545A7D1B68A1FA00C3958E /* libiconv.dylib */ = {isa = PBXFileReference; lastKnownFileType = "compiled.mach-o.dylib"; name = libiconv.dylib; path = usr/lib/libiconv.dylib; sourceTree = SDKROOT; };
/* End PBXFileReference section */

/* Begin PBXFrameworksBuildPhase section */
		1D60588F0D05DD3D006BFB54 /* Frameworks */ = {
			isa = PBXFrameworksBuildPhase;
			buildActionMask = 2147483647;
			files = (
				96C542DC1D64847D009E476A /* Security.framework in Frameworks */,
				96C542DA1D64843E009E476A /* libsqlite3.0.tbd in Frameworks */,
				96C542D61D648338009E476A /* UIKit.framework in Frameworks */,
				96C542D41D648333009E476A /* SystemConfiguration.framework in Frameworks */,
				96C542D21D648319009E476A /* SafariServices.framework in Frameworks */,
				96C542E71D64BFA2009E476A /* gpg.framework in Frameworks */,
				96C542D01D6482F5009E476A /* CoreText.framework in Frameworks */,
				96C542CE1D6482E4009E476A /* CoreLocation.framework in Frameworks */,
				96C542CC1D6482DE009E476A /* CoreData.framework in Frameworks */,
				96C542CA1D6482CE009E476A /* AssetsLibrary.framework in Frameworks */,
				96C542C81D6482C0009E476A /* AddressBook.framework in Frameworks */,
				96C542C11D6481F5009E476A /* GoogleSymbolUtilities.framework in Frameworks */,
				1CDCD79D1CC93D380037CB30 /* sdkbox.framework in Frameworks */,
				1CDCD7991CC93D2C0037CB30 /* GameKit.framework in Frameworks */,
				ED545A7C1B68A1F400C3958E /* libiconv.dylib in Frameworks */,
				D6B0611B1803AB670077942B /* CoreMotion.framework in Frameworks */,
				1D60589F0D05DD5A006BFB54 /* Foundation.framework in Frameworks */,
				288765A50DF7441C002DB57D /* CoreGraphics.framework in Frameworks */,
				BF171245129291EC00B8313A /* OpenGLES.framework in Frameworks */,
				96C542BA1D6481F5009E476A /* GoogleNetworkingUtilities.framework in Frameworks */,
				BF1712471292920000B8313A /* libz.dylib in Frameworks */,
				96C542B81D6481F5009E476A /* GoogleAppUtilities.framework in Frameworks */,
				96C542C41D6481F5009E476A /* gpg.framework in Frameworks */,
				96C542C21D6481F5009E476A /* GoogleUtilities.framework in Frameworks */,
				BF1C47F01293687400B63C5D /* QuartzCore.framework in Frameworks */,
				D44C620C132DFF330009C878 /* OpenAL.framework in Frameworks */,
				D44C620E132DFF430009C878 /* AVFoundation.framework in Frameworks */,
				96C542C61D6481F5009E476A /* sdkbox.framework in Frameworks */,
				D44C6210132DFF4E0009C878 /* AudioToolbox.framework in Frameworks */,
				4AF24228B721699D68B0EB58 /* libcocos2d iOS.a in Frameworks */,
				AA9C410483CFB8EE306FCEBA /* CoreMedia.framework in Frameworks */,
				96C542C01D6481F5009E476A /* GoogleSignIn.framework in Frameworks */,
				2D6F436BA1302F35EDAB4135 /* CoreTelephony.framework in Frameworks */,
				561D467E9E476499AB8E5745 /* EventKit.framework in Frameworks */,
				759F46CD98D89D436E005AB0 /* EventKitUI.framework in Frameworks */,
				96C542BB1D6481F5009E476A /* GoogleOpenSource.framework in Frameworks */,
				D6E24F89B6A66A39FBE87185 /* MessageUI.framework in Frameworks */,
				96C542B91D6481F5009E476A /* GoogleAuthUtilities.framework in Frameworks */,
				96C542BD1D6481F5009E476A /* GooglePlus.framework in Frameworks */,
				481A44FB9D5290D340B28D72 /* StoreKit.framework in Frameworks */,
				62F14B8C999BCF36037FACE6 /* GameController.framework in Frameworks */,
				80E24F7B91524232D61BA223 /* MediaPlayer.framework in Frameworks */,
				16AC43C080CA2517592932A4 /* libc++.dylib in Frameworks */,
				D541463FA8BD4DCEE026A980 /* Plugingpg.framework in Frameworks */,
			);
			runOnlyForDeploymentPostprocessing = 0;
		};
/* End PBXFrameworksBuildPhase section */

/* Begin PBXGroup section */
		080E96DDFE201D6D7F000001 /* ios */ = {
			isa = PBXGroup;
			children = (
				5087E77117EB970100C73F5D /* Icons */,
				503AE0FA17EB989F00D1A890 /* AppController.h */,
				503AE0FB17EB989F00D1A890 /* AppController.mm */,
				503AE0FC17EB989F00D1A890 /* main.m */,
				503AE0FD17EB989F00D1A890 /* Prefix.pch */,
				503AE0FE17EB989F00D1A890 /* RootViewController.h */,
				503AE0FF17EB989F00D1A890 /* RootViewController.mm */,
			);
			name = ios;
			path = Classes;
			sourceTree = "<group>";
		};
		19C28FACFE9D520D11CA2CBB /* Products */ = {
			isa = PBXGroup;
			children = (
				1D6058910D05DD3D006BFB54 /* gpg_cpp-mobile.app */,
			);
			name = Products;
			sourceTree = "<group>";
		};
		29B97314FDCFA39411CA2CEA /* CustomTemplate */ = {
			isa = PBXGroup;
			children = (
				46880B8319C43A87006E1F66 /* Classes */,
				46880B7519C43A67006E1F66 /* Resources */,
				29B97323FDCFA39411CA2CEA /* Frameworks */,
				080E96DDFE201D6D7F000001 /* ios */,
				19C28FACFE9D520D11CA2CBB /* Products */,
				E80348B69CC7DAF3B1F3310F /* ios-libs */,
			);
			name = CustomTemplate;
			sourceTree = "<group>";
		};
		29B97323FDCFA39411CA2CEA /* Frameworks */ = {
			isa = PBXGroup;
			children = (
				96C542DB1D64847D009E476A /* Security.framework */,
				96C542D91D64843E009E476A /* libsqlite3.0.tbd */,
				96C542C71D6482BF009E476A /* AddressBook.framework */,
				5087E78817EB974C00C73F5D /* AppKit.framework */,
				96C542C91D6482CE009E476A /* AssetsLibrary.framework */,
				D44C620F132DFF4E0009C878 /* AudioToolbox.framework */,
				D44C620D132DFF430009C878 /* AVFoundation.framework */,
				96C542CB1D6482DE009E476A /* CoreData.framework */,
				288765A40DF7441C002DB57D /* CoreGraphics.framework */,
				96C542CD1D6482E4009E476A /* CoreLocation.framework */,
				EB0549D4984AE4807A61D96C /* CoreMedia.framework */,
				D6B0611A1803AB670077942B /* CoreMotion.framework */,
				22C4446CB0DA4F00831F593C /* CoreTelephony.framework */,
				96C542CF1D6482F5009E476A /* CoreText.framework */,
				782149BABFD0131F0A442BCA /* EventKit.framework */,
				49D94E7AA8DEB99F9111726A /* EventKitUI.framework */,
				1D30AB110D05D00D00671497 /* Foundation.framework */,
				1122400199CC18360FC80E32 /* GameController.framework */,
				1CDCD7981CC93D2C0037CB30 /* GameKit.framework */,
				96C542A91D6481F4009E476A /* GoogleAppUtilities.framework */,
				96C542AA1D6481F4009E476A /* GoogleAuthUtilities.framework */,
				96C542EA1D64C01A009E476A /* gpg.bundle */,
				96C542AB1D6481F4009E476A /* GoogleNetworkingUtilities.framework */,
				96C542AC1D6481F4009E476A /* GoogleOpenSource.framework */,
				96C542AD1D6481F4009E476A /* GooglePlus.bundle */,
				96C542AE1D6481F4009E476A /* GooglePlus.framework */,
				96C542AF1D6481F4009E476A /* GoogleService-Info.plist */,
				96C542B01D6481F4009E476A /* GoogleSignIn.bundle */,
				96C542B11D6481F5009E476A /* GoogleSignIn.framework */,
				96C542E61D64BFA2009E476A /* gpg.framework */,
				96C542B21D6481F5009E476A /* GoogleSymbolUtilities.framework */,
				96C542B31D6481F5009E476A /* GoogleUtilities.framework */,
				96C542B51D6481F5009E476A /* gpg.framework */,
				503AE11A17EB9C5A00D1A890 /* IOKit.framework */,
				1ACB3243164770DE00914215 /* libcurl.a */,
				503AE11117EB99EE00D1A890 /* libcurl.dylib */,
				ED545A7D1B68A1FA00C3958E /* libiconv.dylib */,
				ED545A7B1B68A1F400C3958E /* libiconv.dylib */,
				BF170DB412928DE900B8313A /* libz.dylib */,
				CC394683B8779E6D912A331F /* MediaPlayer.framework */,
				74B64601A42103298D3FFB62 /* MessageUI.framework */,
				D44C620B132DFF330009C878 /* OpenAL.framework */,
				5087E78A17EB975400C73F5D /* OpenGL.framework */,
				BF170DB012928DE900B8313A /* OpenGLES.framework */,
				BF1C47EA1293683800B63C5D /* QuartzCore.framework */,
				96C542D11D648319009E476A /* SafariServices.framework */,
				96C542B71D6481F5009E476A /* sdkbox.framework */,
				8262943D1AAF051F00CB7CF7 /* Security.framework */,
				C9144BFDA5E31D0509C82381 /* StoreKit.framework */,
				96C542D31D648333009E476A /* SystemConfiguration.framework */,
				96C542D51D648338009E476A /* UIKit.framework */,
				1CDCD79B1CC93D380037CB30 /* sdkbox.framework */,
				DE124DBF92193F63A655C149 /* libc++.dylib */,
				C47543579DBC933D707A7E41 /* Plugingpg.framework */,
			);
			name = Frameworks;
			sourceTree = "<group>";
		};
		46880B7519C43A67006E1F66 /* Resources */ = {
			isa = PBXGroup;
			children = (
				1CDCD7A01CC93DD10037CB30 /* sdkbox_config.json */,
				847C4737BB87694BD4544EE6 /* res */,
			);
			name = Resources;
			path = ../Resources;
			sourceTree = "<group>";
		};
		46880B8319C43A87006E1F66 /* Classes */ = {
			isa = PBXGroup;
			children = (
				59E78F291D9C540800E39380 /* NearbyConnectionsScene.cpp */,
				59E78F2A1D9C540800E39380 /* NearbyConnectionsScene.hpp */,
				59E78F2B1D9C540800E39380 /* RealTimeMultiplayerScene.cpp */,
				59E78F2C1D9C540800E39380 /* RealTimeMultiplayerScene.hpp */,
				59E78F2D1D9C540800E39380 /* TurnBasedMultiplayerScene.cpp */,
				59E78F2E1D9C540800E39380 /* TurnBasedMultiplayerScene.hpp */,
				597793501D90760000CCDD33 /* AchievementScene.cpp */,
				597793511D90760000CCDD33 /* AchievementScene.h */,
				597793391D9075A600CCDD33 /* json98.cpp */,
				5977933A1D9075A600CCDD33 /* json98.h */,
				5977933B1D9075A600CCDD33 /* LeaderboardScene.cpp */,
				5977933C1D9075A600CCDD33 /* LeaderboardScene.h */,
				5977933D1D9075A600CCDD33 /* PlayerStatScene.cpp */,
				5977933E1D9075A600CCDD33 /* PlayerStatScene.h */,
				597793401D9075A600CCDD33 /* QuestScene.cpp */,
				597793411D9075A600CCDD33 /* QuestScene.h */,
				597793421D9075A600CCDD33 /* SaveGameScene.cpp */,
				597793431D9075A600CCDD33 /* SaveGameScene.h */,
				597793441D9075A600CCDD33 /* StateManager.cpp */,
				597793451D9075A600CCDD33 /* StateManager.h */,
				597793461D9075A600CCDD33 /* Utils.cpp */,
				597793471D9075A600CCDD33 /* Utils.h */,
				597793331D90759C00CCDD33 /* BaseScene.cpp */,
				597793341D90759C00CCDD33 /* BaseScene.h */,
				597793351D90759C00CCDD33 /* EventScene.cpp */,
				597793361D90759C00CCDD33 /* EventScene.h */,
				46880B8419C43A87006E1F66 /* AppDelegate.cpp */,
				46880B8519C43A87006E1F66 /* AppDelegate.h */,
				D1184FAE85D92DF0417D12CC /* PluginGPGCppHelper.cpp */,
			);
			name = Classes;
			path = ../Classes;
			sourceTree = "<group>";
		};
		5087E77117EB970100C73F5D /* Icons */ = {
			isa = PBXGroup;
			children = (
				521A8E6219F0C34300D177D7 /* Default-667h@2x.png */,
				521A8E6319F0C34300D177D7 /* Default-736h@3x.png */,
				5087E77217EB970100C73F5D /* Default-568h@2x.png */,
				5087E77317EB970100C73F5D /* Default.png */,
				5087E77417EB970100C73F5D /* Default@2x.png */,
				50EF62A017ECD613001EB2F8 /* Icon-29.png */,
				50EF62A117ECD613001EB2F8 /* Icon-50.png */,
				50EF629217ECD46A001EB2F8 /* Icon-40.png */,
				50EF629317ECD46A001EB2F8 /* Icon-58.png */,
				50EF629417ECD46A001EB2F8 /* Icon-80.png */,
				50EF629517ECD46A001EB2F8 /* Icon-100.png */,
				5087E77517EB970100C73F5D /* Icon-114.png */,
				5087E77617EB970100C73F5D /* Icon-120.png */,
				5087E77717EB970100C73F5D /* Icon-144.png */,
				5087E77817EB970100C73F5D /* Icon-152.png */,
				5087E77917EB970100C73F5D /* Icon-57.png */,
				5087E77A17EB970100C73F5D /* Icon-72.png */,
				5087E77B17EB970100C73F5D /* Icon-76.png */,
				5087E77C17EB970100C73F5D /* Info.plist */,
			);
			name = Icons;
			path = ios;
			sourceTree = SOURCE_ROOT;
		};
		E80348B69CC7DAF3B1F3310F /* ios-libs */ = {
			isa = PBXGroup;
			children = (
				EC054D038170C9031CB136DE /* libcocos2d iOS.a */,
			);
			name = "ios-libs";
			sourceTree = "<group>";
		};
/* End PBXGroup section */

/* Begin PBXNativeTarget section */
		1D6058900D05DD3D006BFB54 /* gpg_cpp-mobile */ = {
			isa = PBXNativeTarget;
			buildConfigurationList = 1D6058960D05DD3E006BFB54 /* Build configuration list for PBXNativeTarget "gpg_cpp-mobile" */;
			buildPhases = (
				1D60588D0D05DD3D006BFB54 /* Resources */,
				1D60588E0D05DD3D006BFB54 /* Sources */,
				1D60588F0D05DD3D006BFB54 /* Frameworks */,
			);
			buildRules = (
			);
			dependencies = (
			);
			name = "gpg_cpp-mobile";
			productName = iphone;
			productReference = 1D6058910D05DD3D006BFB54 /* gpg_cpp-mobile.app */;
			productType = "com.apple.product-type.application";
		};
/* End PBXNativeTarget section */

/* Begin PBXProject section */
		29B97313FDCFA39411CA2CEA /* Project object */ = {
			isa = PBXProject;
			attributes = {
				LastUpgradeCheck = 0500;
				TargetAttributes = {
					1D6058900D05DD3D006BFB54 = {
						DevelopmentTeam = LNN652W6T6;
					};
				};
			};
			buildConfigurationList = C01FCF4E08A954540054247B /* Build configuration list for PBXProject "gpg_cpp" */;
			compatibilityVersion = "Xcode 3.2";
			developmentRegion = English;
			hasScannedForEncodings = 1;
			knownRegions = (
				English,
				Japanese,
				French,
				German,
			);
			mainGroup = 29B97314FDCFA39411CA2CEA /* CustomTemplate */;
			projectDirPath = "";
			projectRoot = "";
			targets = (
				1D6058900D05DD3D006BFB54 /* gpg_cpp-mobile */,
			);
		};
/* End PBXProject section */

/* Begin PBXResourcesBuildPhase section */
		1D60588D0D05DD3D006BFB54 /* Resources */ = {
			isa = PBXResourcesBuildPhase;
			buildActionMask = 2147483647;
			files = (
				5087E78117EB970100C73F5D /* Icon-120.png in Resources */,
				5087E78617EB970100C73F5D /* Icon-76.png in Resources */,
				5087E77F17EB970100C73F5D /* Default@2x.png in Resources */,
				50EF629917ECD46A001EB2F8 /* Icon-100.png in Resources */,
				5087E78317EB970100C73F5D /* Icon-152.png in Resources */,
				5087E77D17EB970100C73F5D /* Default-568h@2x.png in Resources */,
				5087E78517EB970100C73F5D /* Icon-72.png in Resources */,
				521A8E6519F0C34300D177D7 /* Default-736h@3x.png in Resources */,
				96C542EB1D64C01A009E476A /* gpg.bundle in Resources */,
				96C542BF1D6481F5009E476A /* GoogleSignIn.bundle in Resources */,
				50EF62A317ECD613001EB2F8 /* Icon-50.png in Resources */,
				5087E78017EB970100C73F5D /* Icon-114.png in Resources */,
				50EF62A217ECD613001EB2F8 /* Icon-29.png in Resources */,
				50EF629617ECD46A001EB2F8 /* Icon-40.png in Resources */,
				5087E78217EB970100C73F5D /* Icon-144.png in Resources */,
				50EF629817ECD46A001EB2F8 /* Icon-80.png in Resources */,
				5087E78417EB970100C73F5D /* Icon-57.png in Resources */,
				5087E77E17EB970100C73F5D /* Default.png in Resources */,
				521A8E6419F0C34300D177D7 /* Default-667h@2x.png in Resources */,
				50EF629717ECD46A001EB2F8 /* Icon-58.png in Resources */,
				1CDCD7A11CC93DD10037CB30 /* sdkbox_config.json in Resources */,
				96C542BE1D6481F5009E476A /* GoogleService-Info.plist in Resources */,
				96C542BC1D6481F5009E476A /* GooglePlus.bundle in Resources */,
				11E94508A2963B2E50541227 /* res in Resources */,
			);
			runOnlyForDeploymentPostprocessing = 0;
		};
/* End PBXResourcesBuildPhase section */

/* Begin PBXSourcesBuildPhase section */
		1D60588E0D05DD3D006BFB54 /* Sources */ = {
			isa = PBXSourcesBuildPhase;
			buildActionMask = 2147483647;
			files = (
				597793381D90759C00CCDD33 /* EventScene.cpp in Sources */,
				46880B8819C43A87006E1F66 /* AppDelegate.cpp in Sources */,
				59E78F311D9C540800E39380 /* TurnBasedMultiplayerScene.cpp in Sources */,
				5977934A1D9075A600CCDD33 /* PlayerStatScene.cpp in Sources */,
				503AE10017EB989F00D1A890 /* AppController.mm in Sources */,
				5977934D1D9075A600CCDD33 /* SaveGameScene.cpp in Sources */,
				597793371D90759C00CCDD33 /* BaseScene.cpp in Sources */,
				59E78F301D9C540800E39380 /* RealTimeMultiplayerScene.cpp in Sources */,
				597793491D9075A600CCDD33 /* LeaderboardScene.cpp in Sources */,
				5977934C1D9075A600CCDD33 /* QuestScene.cpp in Sources */,
				503AE10217EB989F00D1A890 /* RootViewController.mm in Sources */,
				597793481D9075A600CCDD33 /* json98.cpp in Sources */,
				597793521D90760000CCDD33 /* AchievementScene.cpp in Sources */,
				503AE10117EB989F00D1A890 /* main.m in Sources */,
				59E78F2F1D9C540800E39380 /* NearbyConnectionsScene.cpp in Sources */,
				5977934F1D9075A600CCDD33 /* Utils.cpp in Sources */,
				5977934E1D9075A600CCDD33 /* StateManager.cpp in Sources */,
				F45641A0B90F1C58FE93A5AF /* PluginGPGCppHelper.cpp in Sources */,
			);
			runOnlyForDeploymentPostprocessing = 0;
		};
/* End PBXSourcesBuildPhase section */

/* Begin XCBuildConfiguration section */
		1D6058940D05DD3E006BFB54 /* Debug */ = {
			isa = XCBuildConfiguration;
			buildSettings = {
				ALWAYS_SEARCH_USER_PATHS = YES;
				CODE_SIGN_IDENTITY = "iPhone Developer";
				COMPRESS_PNG_FILES = NO;
				DEVELOPMENT_TEAM = LNN652W6T6;
				ENABLE_BITCODE = NO;
				FRAMEWORK_SEARCH_PATHS = (
					"$(inherited)",
					"$(PROJECT_DIR)",
				);
				GCC_DYNAMIC_NO_PIC = NO;
				GCC_INLINES_ARE_PRIVATE_EXTERN = NO;
				GCC_PRECOMPILE_PREFIX_HEADER = YES;
				GCC_PREFIX_HEADER = ios/Prefix.pch;
				GCC_PREPROCESSOR_DEFINITIONS = (
					USE_FILE32API,
					CC_TARGET_OS_IPHONE,
					"COCOS2D_DEBUG=1",
					"CC_ENABLE_CHIPMUNK_INTEGRATION=1",
				);
				GCC_SYMBOLS_PRIVATE_EXTERN = NO;
				HEADER_SEARCH_PATHS = (
					"$(inherited)",
					"$(SRCROOT)/../../../sdkbox-cocos2d-x-binary/cocos/platform/ios",
					"$(SRCROOT)/../../../sdkbox-cocos2d-x-binary/cocos/platform/ios/Simulation",
				);
				INFOPLIST_FILE = ios/Info.plist;
				IPHONEOS_DEPLOYMENT_TARGET = 6.0;
				LIBRARY_SEARCH_PATHS = " $(SRCROOT)/../../../sdkbox-cocos2d-x-binary/prebuilt/ios";
				OTHER_CFLAGS = "-DSDKBOX_ENABLED";
				OTHER_LDFLAGS = (
					"$(_COCOS_LIB_IOS_BEGIN)",
					"$(_COCOS_LIB_IOS_END)",
					"-ObjC",
				);
				PRODUCT_BUNDLE_IDENTIFIER = com.sdkbox.test101;
				PRODUCT_NAME = "gpg_cpp-mobile";
				SDKROOT = iphoneos;
				TARGETED_DEVICE_FAMILY = "1,2";
				USER_HEADER_SEARCH_PATHS = "$(_COCOS_HEADER_IOS_BEGIN) $(_COCOS_HEADER_IOS_END)";
				VALID_ARCHS = "arm64 armv7";
			};
			name = Debug;
		};
		1D6058950D05DD3E006BFB54 /* Release */ = {
			isa = XCBuildConfiguration;
			buildSettings = {
				ALWAYS_SEARCH_USER_PATHS = YES;
				CODE_SIGN_IDENTITY = "iPhone Developer";
				COMPRESS_PNG_FILES = NO;
				DEVELOPMENT_TEAM = LNN652W6T6;
				ENABLE_BITCODE = NO;
				FRAMEWORK_SEARCH_PATHS = (
					"$(inherited)",
					"$(PROJECT_DIR)",
				);
				GCC_INLINES_ARE_PRIVATE_EXTERN = NO;
				GCC_PRECOMPILE_PREFIX_HEADER = YES;
				GCC_PREFIX_HEADER = ios/Prefix.pch;
				GCC_PREPROCESSOR_DEFINITIONS = (
					USE_FILE32API,
					CC_TARGET_OS_IPHONE,
					"CC_ENABLE_CHIPMUNK_INTEGRATION=1",
				);
				GCC_SYMBOLS_PRIVATE_EXTERN = NO;
				HEADER_SEARCH_PATHS = (
					"$(inherited)",
					"$(SRCROOT)/../../../sdkbox-cocos2d-x-binary/cocos/platform/ios",
					"$(SRCROOT)/../../../sdkbox-cocos2d-x-binary/cocos/platform/ios/Simulation",
				);
				INFOPLIST_FILE = ios/Info.plist;
				IPHONEOS_DEPLOYMENT_TARGET = 6.0;
				LIBRARY_SEARCH_PATHS = " $(SRCROOT)/../../../sdkbox-cocos2d-x-binary/prebuilt/ios";
				OTHER_CFLAGS = "-DSDKBOX_ENABLED";
				OTHER_LDFLAGS = (
					"$(_COCOS_LIB_IOS_BEGIN)",
					"$(_COCOS_LIB_IOS_END)",
					"-ObjC",
				);
				PRODUCT_BUNDLE_IDENTIFIER = com.sdkbox.test101;
				PRODUCT_NAME = "gpg_cpp-mobile";
				SDKROOT = iphoneos;
				TARGETED_DEVICE_FAMILY = "1,2";
				USER_HEADER_SEARCH_PATHS = "$(_COCOS_HEADER_IOS_BEGIN) $(_COCOS_HEADER_IOS_END)";
				VALID_ARCHS = "arm64 armv7";
			};
			name = Release;
		};
		C01FCF4F08A954540054247B /* Debug */ = {
			isa = XCBuildConfiguration;
			buildSettings = {
				ARCHS = "$(ARCHS_STANDARD_32_BIT)";
				CLANG_CXX_LANGUAGE_STANDARD = "c++0x";
				CLANG_CXX_LIBRARY = "libc++";
				COPY_PHASE_STRIP = NO;
				GCC_OPTIMIZATION_LEVEL = 0;
				GCC_WARN_ABOUT_RETURN_TYPE = YES;
				GCC_WARN_UNUSED_VARIABLE = YES;
				HEADER_SEARCH_PATHS = (
					"$(SRCROOT)/../../../sdkbox-cocos2d-x-binary",
					"$(SRCROOT)/../../../sdkbox-cocos2d-x-binary/cocos",
					"$(SRCROOT)/../../../sdkbox-cocos2d-x-binary/cocos/base",
					"$(SRCROOT)/../../../sdkbox-cocos2d-x-binary/cocos/physics",
					"$(SRCROOT)/../../../sdkbox-cocos2d-x-binary/cocos/math",
					"$(SRCROOT)/../../../sdkbox-cocos2d-x-binary/cocos/2d",
					"$(SRCROOT)/../../../sdkbox-cocos2d-x-binary/cocos/ui",
					"$(SRCROOT)/../../../sdkbox-cocos2d-x-binary/cocos/network",
					"$(SRCROOT)/../../../sdkbox-cocos2d-x-binary/cocos/audio/include",
					"$(SRCROOT)/../../../sdkbox-cocos2d-x-binary/cocos/editor-support",
					"$(SRCROOT)/../../../sdkbox-cocos2d-x-binary/extensions",
					"$(SRCROOT)/../../../sdkbox-cocos2d-x-binary/external",
					"$(SRCROOT)/../../../sdkbox-cocos2d-x-binary/external/chipmunk/include/chipmunk",
				);
				IPHONEOS_DEPLOYMENT_TARGET = 6.0;
				MACOSX_DEPLOYMENT_TARGET = 10.7;
				ONLY_ACTIVE_ARCH = YES;
				PRODUCT_NAME = "$(TARGET_NAME)";
				SDKROOT = macosx;
			};
			name = Debug;
		};
		C01FCF5008A954540054247B /* Release */ = {
			isa = XCBuildConfiguration;
			buildSettings = {
				ARCHS = "$(ARCHS_STANDARD_32_BIT)";
				CLANG_CXX_LANGUAGE_STANDARD = "c++0x";
				CLANG_CXX_LIBRARY = "libc++";
				GCC_WARN_ABOUT_RETURN_TYPE = YES;
				GCC_WARN_UNUSED_VARIABLE = YES;
				HEADER_SEARCH_PATHS = (
					"$(SRCROOT)/../../../sdkbox-cocos2d-x-binary",
					"$(SRCROOT)/../../../sdkbox-cocos2d-x-binary/cocos",
					"$(SRCROOT)/../../../sdkbox-cocos2d-x-binary/cocos/base",
					"$(SRCROOT)/../../../sdkbox-cocos2d-x-binary/cocos/physics",
					"$(SRCROOT)/../../../sdkbox-cocos2d-x-binary/cocos/math",
					"$(SRCROOT)/../../../sdkbox-cocos2d-x-binary/cocos/2d",
					"$(SRCROOT)/../../../sdkbox-cocos2d-x-binary/cocos/ui",
					"$(SRCROOT)/../../../sdkbox-cocos2d-x-binary/cocos/network",
					"$(SRCROOT)/../../../sdkbox-cocos2d-x-binary/cocos/audio/include",
					"$(SRCROOT)/../../../sdkbox-cocos2d-x-binary/cocos/editor-support",
					"$(SRCROOT)/../../../sdkbox-cocos2d-x-binary/extensions",
					"$(SRCROOT)/../../../sdkbox-cocos2d-x-binary/external",
					"$(SRCROOT)/../../../sdkbox-cocos2d-x-binary/external/chipmunk/include/chipmunk",
				);
				IPHONEOS_DEPLOYMENT_TARGET = 6.0;
				MACOSX_DEPLOYMENT_TARGET = 10.7;
				OTHER_CFLAGS = "-DNS_BLOCK_ASSERTIONS=1";
				PRODUCT_NAME = "$(TARGET_NAME)";
				SDKROOT = macosx;
				VALIDATE_PRODUCT = YES;
			};
			name = Release;
		};
/* End XCBuildConfiguration section */

/* Begin XCConfigurationList section */
		1D6058960D05DD3E006BFB54 /* Build configuration list for PBXNativeTarget "gpg_cpp-mobile" */ = {
			isa = XCConfigurationList;
			buildConfigurations = (
				1D6058940D05DD3E006BFB54 /* Debug */,
				1D6058950D05DD3E006BFB54 /* Release */,
			);
			defaultConfigurationIsVisible = 0;
			defaultConfigurationName = Debug;
		};
		C01FCF4E08A954540054247B /* Build configuration list for PBXProject "gpg_cpp" */ = {
			isa = XCConfigurationList;
			buildConfigurations = (
				C01FCF4F08A954540054247B /* Debug */,
				C01FCF5008A954540054247B /* Release */,
			);
			defaultConfigurationIsVisible = 0;
			defaultConfigurationName = Debug;
		};
/* End XCConfigurationList section */
	};
	rootObject = 29B97313FDCFA39411CA2CEA /* Project object */;
}
